
Microsoft Visual Studio Solution File, Format Version 11.00
# Visual Studio 2010
Project("{8BC9CEB8-8B4A-11D0-8D11-00A0C91BC942}") = "Wavefront_OBJ_Creator", "Wavefront_OBJ_Creator\Wavefront_OBJ_Creator.vcxproj", "{72B860C4-D4E5-4D96-9897-589846344A30}"
EndProject
Global
	GlobalSection(SolutionConfigurationPlatforms) = preSolution
		Debug|Win32 = Debug|Win32
		Release|Win32 = Release|Win32
	EndGlobalSection
	GlobalSection(ProjectConfigurationPlatforms) = postSolution
		{72B860C4-D4E5-4D96-9897-589846344A30}.Debug|Win32.ActiveCfg = Debug|Win32
		{72B860C4-D4E5-4D96-9897-589846344A30}.Debug|Win32.Build.0 = Debug|Win32
		{72B860C4-D4E5-4D96-9897-589846344A30}.Release|Win32.ActiveCfg = Release|Win32
		{72B860C4-D4E5-4D96-9897-589846344A30}.Release|Win32.Build.0 = Release|Win32
	EndGlobalSection
	GlobalSection(SolutionProperties) = preSolution
		HideSolutionNode = FALSE
	EndGlobalSection
EndGlobal
