
Microsoft Visual Studio Solution File, Format Version 11.00
# Visual C++ Express 2010
Project("{8BC9CEB8-8B4A-11D0-8D11-00A0C91BC942}") = "Języki zorientowane obiektowo", "Języki zorientowane obiektowo\Języki zorientowane obiektowo.vcxproj", "{8FE4A2B3-00AC-428E-A7D7-AACA508A656F}"
EndProject
Project("{8BC9CEB8-8B4A-11D0-8D11-00A0C91BC942}") = "GL_01_Launcher", "GL_01_Launcher\GL_01_Launcher.vcxproj", "{AB69C64D-3EE9-4B40-BCED-9948F07241AD}"
EndProject
Project("{8BC9CEB8-8B4A-11D0-8D11-00A0C91BC942}") = "GL_02_Console", "GL_02_Console\GL_02_Console.vcxproj", "{E954369C-0F7C-4593-A7D3-11EA85C2800F}"
EndProject
Project("{8BC9CEB8-8B4A-11D0-8D11-00A0C91BC942}") = "GL_03_WinAPI", "GL_03_WinAPI\GL_03_WinAPI.vcxproj", "{5F9A81BD-7851-429F-B81F-6BA69B46F6E2}"
EndProject
Global
	GlobalSection(SolutionConfigurationPlatforms) = preSolution
		Debug|Win32 = Debug|Win32
		Release|Win32 = Release|Win32
	EndGlobalSection
	GlobalSection(ProjectConfigurationPlatforms) = postSolution
		{8FE4A2B3-00AC-428E-A7D7-AACA508A656F}.Debug|Win32.ActiveCfg = Debug|Win32
		{8FE4A2B3-00AC-428E-A7D7-AACA508A656F}.Debug|Win32.Build.0 = Debug|Win32
		{8FE4A2B3-00AC-428E-A7D7-AACA508A656F}.Release|Win32.ActiveCfg = Release|Win32
		{8FE4A2B3-00AC-428E-A7D7-AACA508A656F}.Release|Win32.Build.0 = Release|Win32
		{AB69C64D-3EE9-4B40-BCED-9948F07241AD}.Debug|Win32.ActiveCfg = Debug|Win32
		{AB69C64D-3EE9-4B40-BCED-9948F07241AD}.Debug|Win32.Build.0 = Debug|Win32
		{AB69C64D-3EE9-4B40-BCED-9948F07241AD}.Release|Win32.ActiveCfg = Release|Win32
		{AB69C64D-3EE9-4B40-BCED-9948F07241AD}.Release|Win32.Build.0 = Release|Win32
		{E954369C-0F7C-4593-A7D3-11EA85C2800F}.Debug|Win32.ActiveCfg = Debug|Win32
		{E954369C-0F7C-4593-A7D3-11EA85C2800F}.Debug|Win32.Build.0 = Debug|Win32
		{E954369C-0F7C-4593-A7D3-11EA85C2800F}.Release|Win32.ActiveCfg = Release|Win32
		{E954369C-0F7C-4593-A7D3-11EA85C2800F}.Release|Win32.Build.0 = Release|Win32
		{5F9A81BD-7851-429F-B81F-6BA69B46F6E2}.Debug|Win32.ActiveCfg = Debug|Win32
		{5F9A81BD-7851-429F-B81F-6BA69B46F6E2}.Debug|Win32.Build.0 = Debug|Win32
		{5F9A81BD-7851-429F-B81F-6BA69B46F6E2}.Release|Win32.ActiveCfg = Release|Win32
		{5F9A81BD-7851-429F-B81F-6BA69B46F6E2}.Release|Win32.Build.0 = Release|Win32
	EndGlobalSection
	GlobalSection(SolutionProperties) = preSolution
		HideSolutionNode = FALSE
	EndGlobalSection
EndGlobal
