
Microsoft Visual Studio Solution File, Format Version 11.00
# Visual C++ Express 2010
Project("{8BC9CEB8-8B4A-11D0-8D11-00A0C91BC942}") = "Programowanie zaawansowane I", "Programowanie zaawansowane I\Programowanie zaawansowane I.vcxproj", "{57C7E849-E641-42B9-90C3-EF2AADE9AD1D}"
EndProject
Project("{8BC9CEB8-8B4A-11D0-8D11-00A0C91BC942}") = "3DVector", "3DVector\3DVector.vcxproj", "{DD520B39-0553-4FFF-BE26-6C393CC1B7A7}"
EndProject
Project("{8BC9CEB8-8B4A-11D0-8D11-00A0C91BC942}") = "List", "List\List.vcxproj", "{EF1FB8D6-1E8D-4BF8-B989-E752D14AC232}"
EndProject
Global
	GlobalSection(SolutionConfigurationPlatforms) = preSolution
		Debug|Win32 = Debug|Win32
		Release|Win32 = Release|Win32
	EndGlobalSection
	GlobalSection(ProjectConfigurationPlatforms) = postSolution
		{57C7E849-E641-42B9-90C3-EF2AADE9AD1D}.Debug|Win32.ActiveCfg = Debug|Win32
		{57C7E849-E641-42B9-90C3-EF2AADE9AD1D}.Debug|Win32.Build.0 = Debug|Win32
		{57C7E849-E641-42B9-90C3-EF2AADE9AD1D}.Release|Win32.ActiveCfg = Release|Win32
		{57C7E849-E641-42B9-90C3-EF2AADE9AD1D}.Release|Win32.Build.0 = Release|Win32
		{DD520B39-0553-4FFF-BE26-6C393CC1B7A7}.Debug|Win32.ActiveCfg = Debug|Win32
		{DD520B39-0553-4FFF-BE26-6C393CC1B7A7}.Debug|Win32.Build.0 = Debug|Win32
		{DD520B39-0553-4FFF-BE26-6C393CC1B7A7}.Release|Win32.ActiveCfg = Release|Win32
		{DD520B39-0553-4FFF-BE26-6C393CC1B7A7}.Release|Win32.Build.0 = Release|Win32
		{EF1FB8D6-1E8D-4BF8-B989-E752D14AC232}.Debug|Win32.ActiveCfg = Debug|Win32
		{EF1FB8D6-1E8D-4BF8-B989-E752D14AC232}.Debug|Win32.Build.0 = Debug|Win32
		{EF1FB8D6-1E8D-4BF8-B989-E752D14AC232}.Release|Win32.ActiveCfg = Release|Win32
		{EF1FB8D6-1E8D-4BF8-B989-E752D14AC232}.Release|Win32.Build.0 = Release|Win32
	EndGlobalSection
	GlobalSection(SolutionProperties) = preSolution
		HideSolutionNode = FALSE
	EndGlobalSection
EndGlobal
